# This file was autogenerated by uv via the following command:
#    uv pip compile shared/pyproject.toml backend/pyproject.toml --universal --python-version 3.11 -o backend/requirements.lock
aiohappyeyeballs==2.7.1
    # via aiohttp
aiohttp==3.14.3
    # via kubernetes
aiosignal==1.4.0
    # via aiohttp
alembic==1.20.0
    # via cnp-backend (backend/pyproject.toml)
annotated-doc==0.0.5
    # via fastapi
annotated-types==0.8.0
    # via pydantic
anyio==4.15.1
    # via
    #   cnp-backend (backend/pyproject.toml)
    #   httpx
    #   starlette
    #   watchfiles
asyncpg==0.31.0
    # via cnp-backend (backend/pyproject.toml)
attrs==26.1.0
    # via aiohttp
bcrypt==3.2.2
    # via cnp-backend (backend/pyproject.toml)
certifi==2026.7.22
    # via
    #   httpcore
    #   httpx
    #   kubernetes
    #   requests
cffi==2.1.1
    # via
    #   bcrypt
    #   cryptography
charset-normalizer==3.5.2
    # via requests
click==8.5.0
    # via uvicorn
cryptography==50.0.2
    # via
    #   cnp-backend (backend/pyproject.toml)
    #   python-jose
deprecated==1.3.1 ; python_full_version < '3.12'
    # via limits
deprecated==3.0.0 ; python_full_version >= '3.12'
    # via limits
dnspython==2.8.0
    # via email-validator
durationpy==0.11
    # via kubernetes
ecdsa==0.19.2
    # via python-jose
email-validator==2.3.0
    # via pydantic
fastapi==0.142.2
    # via cnp-backend (backend/pyproject.toml)
frozenlist==1.8.0
    # via
    #   aiohttp
    #   aiosignal
greenlet==3.5.6
    # via sqlalchemy
h11==0.16.0
    # via
    #   httpcore
    #   uvicorn
httpcore==1.0.9
    # via httpx
httptools==0.8.0
    # via uvicorn
httpx==0.28.1
    # via cnp-backend (backend/pyproject.toml)
hvac==2.4.0
    # via cnp-backend (backend/pyproject.toml)
idna==3.20
    # via
    #   anyio
    #   email-validator
    #   httpx
    #   requests
    #   yarl
kubernetes==36.0.3
    # via cnp-backend (backend/pyproject.toml)
limits==5.8.0
    # via slowapi
mako==1.4.3
    # via alembic
markupsafe==3.0.3
    # via mako
multidict==6.9.1
    # via
    #   aiohttp
    #   yarl
oauthlib==4.0.0
    # via requests-oauthlib
opentelemetry-api==1.45.0
    # via fastapi
packaging==26.3
    # via limits
passlib==1.7.4
    # via cnp-backend (backend/pyproject.toml)
propcache==0.5.4
    # via
    #   aiohttp
    #   yarl
psycopg2-binary==2.9.13
    # via cnp-backend (backend/pyproject.toml)
pyasn1==0.6.4
    # via
    #   python-jose
    #   rsa
pycparser==3.0 ; implementation_name != 'PyPy'
    # via cffi
pydantic==2.13.5
    # via
    #   cnp-backend (backend/pyproject.toml)
    #   shared (shared/pyproject.toml)
    #   fastapi
    #   pydantic-settings
pydantic-core==2.46.5
    # via pydantic
pydantic-settings==2.15.0
    # via cnp-backend (backend/pyproject.toml)
python-dateutil==2.9.0.post0
    # via kubernetes
python-dotenv==1.2.4
    # via
    #   pydantic-settings
    #   uvicorn
python-gitlab==8.6.0
    # via cnp-backend (backend/pyproject.toml)
python-jose==3.5.0
    # via cnp-backend (backend/pyproject.toml)
python-multipart==0.0.32
    # via cnp-backend (backend/pyproject.toml)
pyyaml==6.0.3
    # via
    #   cnp-backend (backend/pyproject.toml)
    #   kubernetes
    #   uvicorn
requests==2.34.2
    # via
    #   hvac
    #   kubernetes
    #   python-gitlab
    #   requests-oauthlib
    #   requests-toolbelt
requests-oauthlib==2.0.0
    # via kubernetes
requests-toolbelt==1.0.0
    # via python-gitlab
rsa==4.9.1
    # via python-jose
six==1.17.0
    # via
    #   ecdsa
    #   kubernetes
    #   python-dateutil
slowapi==0.1.10
    # via cnp-backend (backend/pyproject.toml)
sqlalchemy==2.1.2
    # via
    #   cnp-backend (backend/pyproject.toml)
    #   alembic
starlette==1.7.0
    # via fastapi
typing-extensions==4.16.0
    # via
    #   aiohttp
    #   aiosignal
    #   alembic
    #   anyio
    #   fastapi
    #   limits
    #   opentelemetry-api
    #   pydantic
    #   pydantic-core
    #   sqlalchemy
    #   starlette
    #   typing-inspection
typing-inspection==0.4.4
    # via
    #   fastapi
    #   pydantic
    #   pydantic-settings
urllib3==2.8.0
    # via
    #   kubernetes
    #   requests
uvicorn==0.54.0
    # via cnp-backend (backend/pyproject.toml)
uvloop==0.23.0 ; platform_python_implementation != 'PyPy' and sys_platform != 'cygwin' and sys_platform != 'win32'
    # via uvicorn
watchfiles==1.3.0
    # via uvicorn
websocket-client==1.9.2
    # via kubernetes
websockets==17.1
    # via uvicorn
wrapt==2.5.0
    # via deprecated
yarl==1.25.1
    # via aiohttp
