# Multi-architecture index digests verified on 2026-10-09 (linux/amd64 + linux/arm64).
keycloak: quay.io/keycloak/keycloak:26.8.0@sha256:b0f60d489d51c5d113390bdf5461d4c06e6051be026c05549f2e1e10ec352bcc
postgresql: postgres:16-alpine@sha256:721873c34ceb9f8d8fc265984940dc982404c105f19ad51be9fdc5970a6080ea
nginx: nginx:alpine@sha256:df221db836e1754089190208cee7eeda94f233197056426eda74a43ab1abeac2
# Vault is used only by the disposable integration stack (amd64 + arm64).
vault: hashicorp/vault:1.21@sha256:4e33b126a59c0c333b76fb4e894722462659a6bec7c48c9ee8cea56fccfd2569
